
Microsoft Visual Studio Solution File, Format Version 12.00
# Visual Studio 15
VisualStudioVersion = 15.0.27130.2024
MinimumVisualStudioVersion = 10.0.40219.1
Project("{FAE04EC0-301F-11D3-BF4B-00C04F79EFBC}") = "Services", "Services\Services.csproj", "{042DC0D6-614F-4495-9BBA-708FEA5C09B2}"
EndProject
Project("{FAE04EC0-301F-11D3-BF4B-00C04F79EFBC}") = "Web", "Web\Web.csproj", "{129EF4C8-F169-4B7A-B6D1-6947F4FDF922}"
EndProject
Global
	GlobalSection(SolutionConfigurationPlatforms) = preSolution
		Debug|Any CPU = Debug|Any CPU
		Release|Any CPU = Release|Any CPU
	EndGlobalSection
	GlobalSection(ProjectConfigurationPlatforms) = postSolution
		{042DC0D6-614F-4495-9BBA-708FEA5C09B2}.Debug|Any CPU.ActiveCfg = Debug|Any CPU
		{042DC0D6-614F-4495-9BBA-708FEA5C09B2}.Debug|Any CPU.Build.0 = Debug|Any CPU
		{042DC0D6-614F-4495-9BBA-708FEA5C09B2}.Release|Any CPU.ActiveCfg = Release|Any CPU
		{042DC0D6-614F-4495-9BBA-708FEA5C09B2}.Release|Any CPU.Build.0 = Release|Any CPU
		{129EF4C8-F169-4B7A-B6D1-6947F4FDF922}.Debug|Any CPU.ActiveCfg = Debug|Any CPU
		{129EF4C8-F169-4B7A-B6D1-6947F4FDF922}.Debug|Any CPU.Build.0 = Debug|Any CPU
		{129EF4C8-F169-4B7A-B6D1-6947F4FDF922}.Release|Any CPU.ActiveCfg = Release|Any CPU
		{129EF4C8-F169-4B7A-B6D1-6947F4FDF922}.Release|Any CPU.Build.0 = Release|Any CPU
	EndGlobalSection
	GlobalSection(SolutionProperties) = preSolution
		HideSolutionNode = FALSE
	EndGlobalSection
	GlobalSection(ExtensibilityGlobals) = postSolution
		SolutionGuid = {FCBCA901-E5BC-4AFC-B45C-A2CA9DBCAC42}
	EndGlobalSection
EndGlobal
